
Microsoft Visual Studio Solution File, Format Version 12.00
# Visual Studio Version 17
VisualStudioVersion = 17.4.33213.308
MinimumVisualStudioVersion = 10.0.40219.1
Project("{9A19103F-16F7-4668-BE54-9A1E7A4F7556}") = "CreditSuisse", "CreditSuisse.csproj", "{EB995E42-6838-4DF5-BD60-DF068EED1CB7}"
EndProject
Project("{9A19103F-16F7-4668-BE54-9A1E7A4F7556}") = "CreditSuisse.Domain.Entities", "..\CreditSuisse.Domain.Entities\CreditSuisse.Domain.Entities.csproj", "{C2D033D7-5D98-4DB9-BE39-6E6CBC83E82B}"
EndProject
Project("{9A19103F-16F7-4668-BE54-9A1E7A4F7556}") = "CreditSuisse.Domain.Services", "..\CreditSuisse.Domain.Services\CreditSuisse.Domain.Services.csproj", "{00F2F308-13D8-4069-A423-E01E3B700BD5}"
EndProject
Project("{9A19103F-16F7-4668-BE54-9A1E7A4F7556}") = "CreditSuisse.Infra", "..\CreditSuisse.Infra\CreditSuisse.Infra.csproj", "{8AAAB2C3-0496-4E2A-8F28-3E64B862A14F}"
EndProject
Project("{2150E333-8FDC-42A3-9474-1A3956D46DE8}") = "1 - Console", "1 - Console", "{3CEE3F13-CF12-4162-ADA9-FBBE667A5612}"
EndProject
Project("{2150E333-8FDC-42A3-9474-1A3956D46DE8}") = "3 - Domain", "3 - Domain", "{19585147-4556-4C7B-926A-460AD5901E3B}"
EndProject
Project("{2150E333-8FDC-42A3-9474-1A3956D46DE8}") = "4 - Infra", "4 - Infra", "{B8318BA7-9250-47B4-BED9-E664FF888FE1}"
EndProject
Project("{2150E333-8FDC-42A3-9474-1A3956D46DE8}") = "2 - Application", "2 - Application", "{F030E642-4F90-48C9-89AB-C51A518176DD}"
EndProject
Project("{9A19103F-16F7-4668-BE54-9A1E7A4F7556}") = "CreditSuisse.Application", "..\CreditSuisse.Application\CreditSuisse.Application.csproj", "{EFCC51D8-B2AB-4C7E-B901-848E256F5645}"
EndProject
Project("{FAE04EC0-301F-11D3-BF4B-00C04F79EFBC}") = "CreditSuisse.Application.Automapper", "..\CreditSuisse.Application.Automapper\CreditSuisse.Application.Automapper.csproj", "{1F179E96-064C-451D-B2BD-A52B19B865C0}"
EndProject
Project("{2150E333-8FDC-42A3-9474-1A3956D46DE8}") = "5 - UtilityFramework", "5 - UtilityFramework", "{62581D3B-AF09-4985-AE47-E6A86AF85ED4}"
EndProject
Project("{FAE04EC0-301F-11D3-BF4B-00C04F79EFBC}") = "CreditSuisse.Framework", "..\CreditSuisse.Framework\CreditSuisse.Framework.csproj", "{D3311B20-C1B5-4DC8-B3B7-92D581A8480C}"
EndProject
Project("{2150E333-8FDC-42A3-9474-1A3956D46DE8}") = "1.1 - Configs", "1.1 - Configs", "{6EE9F1D8-84DC-4100-BC9C-E14229351E93}"
EndProject
Global
	GlobalSection(SolutionConfigurationPlatforms) = preSolution
		Debug|Any CPU = Debug|Any CPU
		Release|Any CPU = Release|Any CPU
	EndGlobalSection
	GlobalSection(ProjectConfigurationPlatforms) = postSolution
		{EB995E42-6838-4DF5-BD60-DF068EED1CB7}.Debug|Any CPU.ActiveCfg = Debug|Any CPU
		{EB995E42-6838-4DF5-BD60-DF068EED1CB7}.Debug|Any CPU.Build.0 = Debug|Any CPU
		{EB995E42-6838-4DF5-BD60-DF068EED1CB7}.Release|Any CPU.ActiveCfg = Release|Any CPU
		{EB995E42-6838-4DF5-BD60-DF068EED1CB7}.Release|Any CPU.Build.0 = Release|Any CPU
		{C2D033D7-5D98-4DB9-BE39-6E6CBC83E82B}.Debug|Any CPU.ActiveCfg = Debug|Any CPU
		{C2D033D7-5D98-4DB9-BE39-6E6CBC83E82B}.Debug|Any CPU.Build.0 = Debug|Any CPU
		{C2D033D7-5D98-4DB9-BE39-6E6CBC83E82B}.Release|Any CPU.ActiveCfg = Release|Any CPU
		{C2D033D7-5D98-4DB9-BE39-6E6CBC83E82B}.Release|Any CPU.Build.0 = Release|Any CPU
		{00F2F308-13D8-4069-A423-E01E3B700BD5}.Debug|Any CPU.ActiveCfg = Debug|Any CPU
		{00F2F308-13D8-4069-A423-E01E3B700BD5}.Debug|Any CPU.Build.0 = Debug|Any CPU
		{00F2F308-13D8-4069-A423-E01E3B700BD5}.Release|Any CPU.ActiveCfg = Release|Any CPU
		{00F2F308-13D8-4069-A423-E01E3B700BD5}.Release|Any CPU.Build.0 = Release|Any CPU
		{8AAAB2C3-0496-4E2A-8F28-3E64B862A14F}.Debug|Any CPU.ActiveCfg = Debug|Any CPU
		{8AAAB2C3-0496-4E2A-8F28-3E64B862A14F}.Debug|Any CPU.Build.0 = Debug|Any CPU
		{8AAAB2C3-0496-4E2A-8F28-3E64B862A14F}.Release|Any CPU.ActiveCfg = Release|Any CPU
		{8AAAB2C3-0496-4E2A-8F28-3E64B862A14F}.Release|Any CPU.Build.0 = Release|Any CPU
		{EFCC51D8-B2AB-4C7E-B901-848E256F5645}.Debug|Any CPU.ActiveCfg = Debug|Any CPU
		{EFCC51D8-B2AB-4C7E-B901-848E256F5645}.Debug|Any CPU.Build.0 = Debug|Any CPU
		{EFCC51D8-B2AB-4C7E-B901-848E256F5645}.Release|Any CPU.ActiveCfg = Release|Any CPU
		{EFCC51D8-B2AB-4C7E-B901-848E256F5645}.Release|Any CPU.Build.0 = Release|Any CPU
		{1F179E96-064C-451D-B2BD-A52B19B865C0}.Debug|Any CPU.ActiveCfg = Debug|Any CPU
		{1F179E96-064C-451D-B2BD-A52B19B865C0}.Debug|Any CPU.Build.0 = Debug|Any CPU
		{1F179E96-064C-451D-B2BD-A52B19B865C0}.Release|Any CPU.ActiveCfg = Release|Any CPU
		{1F179E96-064C-451D-B2BD-A52B19B865C0}.Release|Any CPU.Build.0 = Release|Any CPU
		{D3311B20-C1B5-4DC8-B3B7-92D581A8480C}.Debug|Any CPU.ActiveCfg = Debug|Any CPU
		{D3311B20-C1B5-4DC8-B3B7-92D581A8480C}.Debug|Any CPU.Build.0 = Debug|Any CPU
		{D3311B20-C1B5-4DC8-B3B7-92D581A8480C}.Release|Any CPU.ActiveCfg = Release|Any CPU
		{D3311B20-C1B5-4DC8-B3B7-92D581A8480C}.Release|Any CPU.Build.0 = Release|Any CPU
	EndGlobalSection
	GlobalSection(SolutionProperties) = preSolution
		HideSolutionNode = FALSE
	EndGlobalSection
	GlobalSection(NestedProjects) = preSolution
		{EB995E42-6838-4DF5-BD60-DF068EED1CB7} = {3CEE3F13-CF12-4162-ADA9-FBBE667A5612}
		{C2D033D7-5D98-4DB9-BE39-6E6CBC83E82B} = {19585147-4556-4C7B-926A-460AD5901E3B}
		{00F2F308-13D8-4069-A423-E01E3B700BD5} = {19585147-4556-4C7B-926A-460AD5901E3B}
		{8AAAB2C3-0496-4E2A-8F28-3E64B862A14F} = {B8318BA7-9250-47B4-BED9-E664FF888FE1}
		{EFCC51D8-B2AB-4C7E-B901-848E256F5645} = {F030E642-4F90-48C9-89AB-C51A518176DD}
		{1F179E96-064C-451D-B2BD-A52B19B865C0} = {6EE9F1D8-84DC-4100-BC9C-E14229351E93}
		{D3311B20-C1B5-4DC8-B3B7-92D581A8480C} = {62581D3B-AF09-4985-AE47-E6A86AF85ED4}
	EndGlobalSection
	GlobalSection(ExtensibilityGlobals) = postSolution
		SolutionGuid = {2E9CA1A8-911D-40BD-AFEB-E4521FD204A2}
	EndGlobalSection
EndGlobal
